
Microsoft Visual Studio Solution File, Format Version 12.00
# Visual Studio 14
VisualStudioVersion = 14.0.25123.0
MinimumVisualStudioVersion = 10.0.40219.1
Project("{FAE04EC0-301F-11D3-BF4B-00C04F79EFBC}") = "oldMutual", "oldMutual\oldMutual.csproj", "{DDD25CE3-19D1-4552-8FD2-D2282158F402}"
EndProject
Global
	GlobalSection(SolutionConfigurationPlatforms) = preSolution
		Debug|Any CPU = Debug|Any CPU
		Release|Any CPU = Release|Any CPU
	EndGlobalSection
	GlobalSection(ProjectConfigurationPlatforms) = postSolution
		{DDD25CE3-19D1-4552-8FD2-D2282158F402}.Debug|Any CPU.ActiveCfg = Debug|Any CPU
		{DDD25CE3-19D1-4552-8FD2-D2282158F402}.Debug|Any CPU.Build.0 = Debug|Any CPU
		{DDD25CE3-19D1-4552-8FD2-D2282158F402}.Release|Any CPU.ActiveCfg = Release|Any CPU
		{DDD25CE3-19D1-4552-8FD2-D2282158F402}.Release|Any CPU.Build.0 = Release|Any CPU
	EndGlobalSection
	GlobalSection(SolutionProperties) = preSolution
		HideSolutionNode = FALSE
	EndGlobalSection
EndGlobal
